// !$*UTF8*$!
{
	archiveVersion = 1;
	classes = {
	};
	objectVersion = 46;
	objects = {

/* Begin PBXBuildFile section */
		3C16832617B2296100111DED /* Security.framework in Frameworks */ = {isa = PBXBuildFile; fileRef = 3C16832517B2296100111DED /* Security.framework */; };
		3C16832817B22A8500111DED /* client.p12 in Resources */ = {isa = PBXBuildFile; fileRef = 3C16832717B22A8500111DED /* client.p12 */; };
		3C16832C17B32F0C00111DED /* Stats.m in Sources */ = {isa = PBXBuildFile; fileRef = 3C16832A17B32C1800111DED /* Stats.m */; };
		3C16832E17B352B000111DED /* ReleaseUpgradeGdWebAtWorkiOS111.pdf in Resources */ = {isa = PBXBuildFile; fileRef = 3C16832D17B352B000111DED /* ReleaseUpgradeGdWebAtWorkiOS111.pdf */; };
		3C16833217B353FC00111DED /* PDFWebViewController.m in Sources */ = {isa = PBXBuildFile; fileRef = 3C16833117B353FC00111DED /* PDFWebViewController.m */; };
		3C1683D517B3797F00111DED /* GLView.m in Sources */ = {isa = PBXBuildFile; fileRef = 3C1683D417B3797F00111DED /* GLView.m */; };
		3C1683D817B379D500111DED /* GLViewController.m in Sources */ = {isa = PBXBuildFile; fileRef = 3C1683D717B379D500111DED /* GLViewController.m */; };
		3C1683DA17B37D0E00111DED /* GLKit.framework in Frameworks */ = {isa = PBXBuildFile; fileRef = 3C1683D917B37D0E00111DED /* GLKit.framework */; };
		3C1683DC17B37D1B00111DED /* OpenGLES.framework in Frameworks */ = {isa = PBXBuildFile; fileRef = 3C1683DB17B37D1B00111DED /* OpenGLES.framework */; };
		3C1683DE17B38DF100111DED /* QuartzCore.framework in Frameworks */ = {isa = PBXBuildFile; fileRef = 3C1683DD17B38DF100111DED /* QuartzCore.framework */; };
		3C67D5E617ABC17C00DCB749 /* UIKit.framework in Frameworks */ = {isa = PBXBuildFile; fileRef = 3C67D5E517ABC17C00DCB749 /* UIKit.framework */; };
		3C67D5E817ABC17C00DCB749 /* Foundation.framework in Frameworks */ = {isa = PBXBuildFile; fileRef = 3C67D5E717ABC17C00DCB749 /* Foundation.framework */; };
		3C67D5EA17ABC17C00DCB749 /* CoreGraphics.framework in Frameworks */ = {isa = PBXBuildFile; fileRef = 3C67D5E917ABC17C00DCB749 /* CoreGraphics.framework */; };
		3C67D5F017ABC17C00DCB749 /* InfoPlist.strings in Resources */ = {isa = PBXBuildFile; fileRef = 3C67D5EE17ABC17C00DCB749 /* InfoPlist.strings */; };
		3C67D5F217ABC17C00DCB749 /* main.m in Sources */ = {isa = PBXBuildFile; fileRef = 3C67D5F117ABC17C00DCB749 /* main.m */; };
		3C67D5F817ABC17C00DCB749 /* Default.png in Resources */ = {isa = PBXBuildFile; fileRef = 3C67D5F717ABC17C00DCB749 /* Default.png */; };
		3C67D5FA17ABC17C00DCB749 /* Default@2x.png in Resources */ = {isa = PBXBuildFile; fileRef = 3C67D5F917ABC17C00DCB749 /* Default@2x.png */; };
		3C67D5FC17ABC17C00DCB749 /* Default-568h@2x.png in Resources */ = {isa = PBXBuildFile; fileRef = 3C67D5FB17ABC17C00DCB749 /* Default-568h@2x.png */; };
		3C67D60217ABC17C00DCB749 /* MainStoryboard_iPad.storyboard in Resources */ = {isa = PBXBuildFile; fileRef = 3C67D60017ABC17C00DCB749 /* MainStoryboard_iPad.storyboard */; };
		3C67D60D17ABC17C00DCB749 /* SenTestingKit.framework in Frameworks */ = {isa = PBXBuildFile; fileRef = 3C67D60C17ABC17C00DCB749 /* SenTestingKit.framework */; };
		3C67D60E17ABC17C00DCB749 /* UIKit.framework in Frameworks */ = {isa = PBXBuildFile; fileRef = 3C67D5E517ABC17C00DCB749 /* UIKit.framework */; };
		3C67D60F17ABC17C00DCB749 /* Foundation.framework in Frameworks */ = {isa = PBXBuildFile; fileRef = 3C67D5E717ABC17C00DCB749 /* Foundation.framework */; };
		3C67D61717ABC17C00DCB749 /* InfoPlist.strings in Resources */ = {isa = PBXBuildFile; fileRef = 3C67D61517ABC17C00DCB749 /* InfoPlist.strings */; };
		3C67D61A17ABC17C00DCB749 /* SandBoxTests.m in Sources */ = {isa = PBXBuildFile; fileRef = 3C67D61917ABC17C00DCB749 /* SandBoxTests.m */; };
		3C67D64117ABC22700DCB749 /* CoreImage.framework in Frameworks */ = {isa = PBXBuildFile; fileRef = 3C67D64017ABC22700DCB749 /* CoreImage.framework */; };
		3C67D64317ABC23000DCB749 /* CoreLocation.framework in Frameworks */ = {isa = PBXBuildFile; fileRef = 3C67D64217ABC22F00DCB749 /* CoreLocation.framework */; };
		3C67D64517ABC23700DCB749 /* MapKit.framework in Frameworks */ = {isa = PBXBuildFile; fileRef = 3C67D64417ABC23700DCB749 /* MapKit.framework */; };
		3C67D69D17AF382700DCB749 /* FlipsideViewController.m in Sources */ = {isa = PBXBuildFile; fileRef = 3C67D69C17AF382700DCB749 /* FlipsideViewController.m */; };
		3C67D6A117AF3B2E00DCB749 /* UtilityMainViewController.m in Sources */ = {isa = PBXBuildFile; fileRef = 3C67D6A017AF3B2E00DCB749 /* UtilityMainViewController.m */; };
		3C67D6A417AF658A00DCB749 /* MainStoryboard_iPhone.storyboard in Resources */ = {isa = PBXBuildFile; fileRef = 3C67D6A217AF658900DCB749 /* MainStoryboard_iPhone.storyboard */; };
		3C67D6B217AF93A100DCB749 /* MenuData.m in Sources */ = {isa = PBXBuildFile; fileRef = 3C67D6B117AF93A100DCB749 /* MenuData.m */; };
		3C67D6BB17B081BF00DCB749 /* MailViewController.m in Sources */ = {isa = PBXBuildFile; fileRef = 3C67D6BA17B081BF00DCB749 /* MailViewController.m */; };
		3C67D6BD17B081F000DCB749 /* MessageUI.framework in Frameworks */ = {isa = PBXBuildFile; fileRef = 3C67D6BC17B081F000DCB749 /* MessageUI.framework */; };
		3C67D6C117B08BC000DCB749 /* AccelerometerViewController.m in Sources */ = {isa = PBXBuildFile; fileRef = 3C67D6C017B08BC000DCB749 /* AccelerometerViewController.m */; };
		3C67D6C617B0C6A300DCB749 /* MapPinAnnotation.m in Sources */ = {isa = PBXBuildFile; fileRef = 3C67D6C517B0C6A200DCB749 /* MapPinAnnotation.m */; };
		3C67D6C917B0C78400DCB749 /* MapCalloutAnnotation.m in Sources */ = {isa = PBXBuildFile; fileRef = 3C67D6C817B0C78300DCB749 /* MapCalloutAnnotation.m */; };
		3C67D6D217B0DC1700DCB749 /* MapCalloutAnnotationView.m in Sources */ = {isa = PBXBuildFile; fileRef = 3C67D6D117B0DC1600DCB749 /* MapCalloutAnnotationView.m */; };
		3C67D6D617B1E7C700DCB749 /* HttpViewController.m in Sources */ = {isa = PBXBuildFile; fileRef = 3C67D6D517B1E7C700DCB749 /* HttpViewController.m */; };
		3CAC233D17B4C85C00FE6BD3 /* GameViewController.m in Sources */ = {isa = PBXBuildFile; fileRef = 3CAC233C17B4C85C00FE6BD3 /* GameViewController.m */; };
		3CAC233F17B4C88C00FE6BD3 /* African Daisy.gif in Resources */ = {isa = PBXBuildFile; fileRef = 3CAC233E17B4C88C00FE6BD3 /* African Daisy.gif */; };
		3CAC234117B4C8A200FE6BD3 /* IMG_0001.PNG in Resources */ = {isa = PBXBuildFile; fileRef = 3CAC234017B4C8A200FE6BD3 /* IMG_0001.PNG */; };
		3CAC234617B4C91900FE6BD3 /* MapStateAnnotationView.m in Sources */ = {isa = PBXBuildFile; fileRef = 3CAC234317B4C91900FE6BD3 /* MapStateAnnotationView.m */; };
		3CAC234717B4C91900FE6BD3 /* MapViewController.m in Sources */ = {isa = PBXBuildFile; fileRef = 3CAC234517B4C91900FE6BD3 /* MapViewController.m */; };
		3CAC234917B4C94800FE6BD3 /* hige.png in Resources */ = {isa = PBXBuildFile; fileRef = 3CAC234817B4C94800FE6BD3 /* hige.png */; };
		3CAC234C17B4C95300FE6BD3 /* CameraViewController.m in Sources */ = {isa = PBXBuildFile; fileRef = 3CAC234B17B4C95300FE6BD3 /* CameraViewController.m */; };
		3CAC234F17B4C98100FE6BD3 /* AppDelegate.m in Sources */ = {isa = PBXBuildFile; fileRef = 3CAC234E17B4C98000FE6BD3 /* AppDelegate.m */; };
		3CAC235217B4C9B100FE6BD3 /* ViewController.m in Sources */ = {isa = PBXBuildFile; fileRef = 3CAC235117B4C9AA00FE6BD3 /* ViewController.m */; };
		3CAC235417B4CA9E00FE6BD3 /* earth.jpg in Resources */ = {isa = PBXBuildFile; fileRef = 3CAC235317B4CA9E00FE6BD3 /* earth.jpg */; };
		3CAC235717B4CB6200FE6BD3 /* TableViewController.m in Sources */ = {isa = PBXBuildFile; fileRef = 3CAC235617B4CB6200FE6BD3 /* TableViewController.m */; };
/* End PBXBuildFile section */

/* Begin PBXContainerItemProxy section */
		3C67D61017ABC17C00DCB749 /* PBXContainerItemProxy */ = {
			isa = PBXContainerItemProxy;
			containerPortal = 3C67D5DA17ABC17C00DCB749 /* Project object */;
			proxyType = 1;
			remoteGlobalIDString = 3C67D5E117ABC17C00DCB749;
			remoteInfo = SandBox;
		};
/* End PBXContainerItemProxy section */

/* Begin PBXFileReference section */
		3C16832517B2296100111DED /* Security.framework */ = {isa = PBXFileReference; lastKnownFileType = wrapper.framework; name = Security.framework; path = System/Library/Frameworks/Security.framework; sourceTree = SDKROOT; };
		3C16832717B22A8500111DED /* client.p12 */ = {isa = PBXFileReference; lastKnownFileType = file; path = client.p12; sourceTree = "<group>"; };
		3C16832917B32C1800111DED /* Stats.h */ = {isa = PBXFileReference; fileEncoding = 4; lastKnownFileType = sourcecode.c.h; path = Stats.h; sourceTree = "<group>"; };
		3C16832A17B32C1800111DED /* Stats.m */ = {isa = PBXFileReference; fileEncoding = 4; lastKnownFileType = sourcecode.c.objc; path = Stats.m; sourceTree = "<group>"; };
		3C16832D17B352B000111DED /* ReleaseUpgradeGdWebAtWorkiOS111.pdf */ = {isa = PBXFileReference; lastKnownFileType = image.pdf; path = ReleaseUpgradeGdWebAtWorkiOS111.pdf; sourceTree = "<group>"; };
		3C16833017B353FC00111DED /* PDFWebViewController.h */ = {isa = PBXFileReference; fileEncoding = 4; lastKnownFileType = sourcecode.c.h; path = PDFWebViewController.h; sourceTree = "<group>"; };
		3C16833117B353FC00111DED /* PDFWebViewController.m */ = {isa = PBXFileReference; fileEncoding = 4; lastKnownFileType = sourcecode.c.objc; path = PDFWebViewController.m; sourceTree = "<group>"; };
		3C1683D317B3797F00111DED /* GLView.h */ = {isa = PBXFileReference; fileEncoding = 4; lastKnownFileType = sourcecode.c.h; path = GLView.h; sourceTree = "<group>"; };
		3C1683D417B3797F00111DED /* GLView.m */ = {isa = PBXFileReference; fileEncoding = 4; lastKnownFileType = sourcecode.c.objc; path = GLView.m; sourceTree = "<group>"; };
		3C1683D617B379D500111DED /* GLViewController.h */ = {isa = PBXFileReference; fileEncoding = 4; lastKnownFileType = sourcecode.c.h; path = GLViewController.h; sourceTree = "<group>"; };
		3C1683D717B379D500111DED /* GLViewController.m */ = {isa = PBXFileReference; fileEncoding = 4; lastKnownFileType = sourcecode.c.objc; path = GLViewController.m; sourceTree = "<group>"; };
		3C1683D917B37D0E00111DED /* GLKit.framework */ = {isa = PBXFileReference; lastKnownFileType = wrapper.framework; name = GLKit.framework; path = System/Library/Frameworks/GLKit.framework; sourceTree = SDKROOT; };
		3C1683DB17B37D1B00111DED /* OpenGLES.framework */ = {isa = PBXFileReference; lastKnownFileType = wrapper.framework; name = OpenGLES.framework; path = System/Library/Frameworks/OpenGLES.framework; sourceTree = SDKROOT; };
		3C1683DD17B38DF100111DED /* QuartzCore.framework */ = {isa = PBXFileReference; lastKnownFileType = wrapper.framework; name = QuartzCore.framework; path = System/Library/Frameworks/QuartzCore.framework; sourceTree = SDKROOT; };
		3C67D5E217ABC17C00DCB749 /* SandBox.app */ = {isa = PBXFileReference; explicitFileType = wrapper.application; includeInIndex = 0; path = SandBox.app; sourceTree = BUILT_PRODUCTS_DIR; };
		3C67D5E517ABC17C00DCB749 /* UIKit.framework */ = {isa = PBXFileReference; lastKnownFileType = wrapper.framework; name = UIKit.framework; path = System/Library/Frameworks/UIKit.framework; sourceTree = SDKROOT; };
		3C67D5E717ABC17C00DCB749 /* Foundation.framework */ = {isa = PBXFileReference; lastKnownFileType = wrapper.framework; name = Foundation.framework; path = System/Library/Frameworks/Foundation.framework; sourceTree = SDKROOT; };
		3C67D5E917ABC17C00DCB749 /* CoreGraphics.framework */ = {isa = PBXFileReference; lastKnownFileType = wrapper.framework; name = CoreGraphics.framework; path = System/Library/Frameworks/CoreGraphics.framework; sourceTree = SDKROOT; };
		3C67D5ED17ABC17C00DCB749 /* SandBox-Info.plist */ = {isa = PBXFileReference; lastKnownFileType = text.plist.xml; path = "SandBox-Info.plist"; sourceTree = "<group>"; };
		3C67D5F117ABC17C00DCB749 /* main.m */ = {isa = PBXFileReference; lastKnownFileType = sourcecode.c.objc; path = main.m; sourceTree = "<group>"; };
		3C67D5F317ABC17C00DCB749 /* SandBox-Prefix.pch */ = {isa = PBXFileReference; lastKnownFileType = sourcecode.c.h; path = "SandBox-Prefix.pch"; sourceTree = "<group>"; };
		3C67D5F717ABC17C00DCB749 /* Default.png */ = {isa = PBXFileReference; lastKnownFileType = image.png; path = Default.png; sourceTree = "<group>"; };
		3C67D5F917ABC17C00DCB749 /* Default@2x.png */ = {isa = PBXFileReference; lastKnownFileType = image.png; path = "Default@2x.png"; sourceTree = "<group>"; };
		3C67D5FB17ABC17C00DCB749 /* Default-568h@2x.png */ = {isa = PBXFileReference; lastKnownFileType = image.png; path = "Default-568h@2x.png"; sourceTree = "<group>"; };
		3C67D60B17ABC17C00DCB749 /* SandBoxTests.octest */ = {isa = PBXFileReference; explicitFileType = wrapper.cfbundle; includeInIndex = 0; path = SandBoxTests.octest; sourceTree = BUILT_PRODUCTS_DIR; };
		3C67D60C17ABC17C00DCB749 /* SenTestingKit.framework */ = {isa = PBXFileReference; lastKnownFileType = wrapper.framework; name = SenTestingKit.framework; path = Library/Frameworks/SenTestingKit.framework; sourceTree = DEVELOPER_DIR; };
		3C67D61417ABC17C00DCB749 /* SandBoxTests-Info.plist */ = {isa = PBXFileReference; lastKnownFileType = text.plist.xml; path = "SandBoxTests-Info.plist"; sourceTree = "<group>"; };
		3C67D61817ABC17C00DCB749 /* SandBoxTests.h */ = {isa = PBXFileReference; lastKnownFileType = sourcecode.c.h; path = SandBoxTests.h; sourceTree = "<group>"; };
		3C67D61917ABC17C00DCB749 /* SandBoxTests.m */ = {isa = PBXFileReference; lastKnownFileType = sourcecode.c.objc; path = SandBoxTests.m; sourceTree = "<group>"; };
		3C67D64017ABC22700DCB749 /* CoreImage.framework */ = {isa = PBXFileReference; lastKnownFileType = wrapper.framework; name = CoreImage.framework; path = System/Library/Frameworks/CoreImage.framework; sourceTree = SDKROOT; };
		3C67D64217ABC22F00DCB749 /* CoreLocation.framework */ = {isa = PBXFileReference; lastKnownFileType = wrapper.framework; name = CoreLocation.framework; path = System/Library/Frameworks/CoreLocation.framework; sourceTree = SDKROOT; };
		3C67D64417ABC23700DCB749 /* MapKit.framework */ = {isa = PBXFileReference; lastKnownFileType = wrapper.framework; name = MapKit.framework; path = System/Library/Frameworks/MapKit.framework; sourceTree = SDKROOT; };
		3C67D69B17AF382600DCB749 /* FlipsideViewController.h */ = {isa = PBXFileReference; fileEncoding = 4; lastKnownFileType = sourcecode.c.h; path = FlipsideViewController.h; sourceTree = "<group>"; };
		3C67D69C17AF382700DCB749 /* FlipsideViewController.m */ = {isa = PBXFileReference; fileEncoding = 4; lastKnownFileType = sourcecode.c.objc; path = FlipsideViewController.m; sourceTree = "<group>"; };
		3C67D69F17AF3B2E00DCB749 /* UtilityMainViewController.h */ = {isa = PBXFileReference; fileEncoding = 4; lastKnownFileType = sourcecode.c.h; path = UtilityMainViewController.h; sourceTree = "<group>"; };
		3C67D6A017AF3B2E00DCB749 /* UtilityMainViewController.m */ = {isa = PBXFileReference; fileEncoding = 4; lastKnownFileType = sourcecode.c.objc; path = UtilityMainViewController.m; sourceTree = "<group>"; };
		3C67D6A517AF65FC00DCB749 /* ja */ = {isa = PBXFileReference; lastKnownFileType = file.storyboard; name = ja; path = ja.lproj/MainStoryboard_iPhone.storyboard; sourceTree = "<group>"; };
		3C67D6A617AF65FC00DCB749 /* ja */ = {isa = PBXFileReference; lastKnownFileType = file.storyboard; name = ja; path = ja.lproj/MainStoryboard_iPad.storyboard; sourceTree = "<group>"; };
		3C67D6A717AF65FC00DCB749 /* ja */ = {isa = PBXFileReference; lastKnownFileType = text.plist.strings; name = ja; path = ja.lproj/InfoPlist.strings; sourceTree = "<group>"; };
		3C67D6A817AF65FC00DCB749 /* ja */ = {isa = PBXFileReference; lastKnownFileType = text.plist.strings; name = ja; path = ja.lproj/InfoPlist.strings; sourceTree = "<group>"; };
		3C67D6B017AF93A100DCB749 /* MenuData.h */ = {isa = PBXFileReference; fileEncoding = 4; lastKnownFileType = sourcecode.c.h; path = MenuData.h; sourceTree = "<group>"; };
		3C67D6B117AF93A100DCB749 /* MenuData.m */ = {isa = PBXFileReference; fileEncoding = 4; lastKnownFileType = sourcecode.c.objc; path = MenuData.m; sourceTree = "<group>"; };
		3C67D6B917B081BF00DCB749 /* MailViewController.h */ = {isa = PBXFileReference; fileEncoding = 4; lastKnownFileType = sourcecode.c.h; path = MailViewController.h; sourceTree = "<group>"; };
		3C67D6BA17B081BF00DCB749 /* MailViewController.m */ = {isa = PBXFileReference; fileEncoding = 4; lastKnownFileType = sourcecode.c.objc; path = MailViewController.m; sourceTree = "<group>"; };
		3C67D6BC17B081F000DCB749 /* MessageUI.framework */ = {isa = PBXFileReference; lastKnownFileType = wrapper.framework; name = MessageUI.framework; path = System/Library/Frameworks/MessageUI.framework; sourceTree = SDKROOT; };
		3C67D6BF17B08BC000DCB749 /* AccelerometerViewController.h */ = {isa = PBXFileReference; fileEncoding = 4; lastKnownFileType = sourcecode.c.h; path = AccelerometerViewController.h; sourceTree = "<group>"; };
		3C67D6C017B08BC000DCB749 /* AccelerometerViewController.m */ = {isa = PBXFileReference; fileEncoding = 4; lastKnownFileType = sourcecode.c.objc; path = AccelerometerViewController.m; sourceTree = "<group>"; };
		3C67D6C217B0BB2200DCB749 /* Directions.geojson */ = {isa = PBXFileReference; lastKnownFileType = text; path = Directions.geojson; sourceTree = "<group>"; };
		3C67D6C317B0BB6100DCB749 /* CommonMacro.h */ = {isa = PBXFileReference; lastKnownFileType = sourcecode.c.h; path = CommonMacro.h; sourceTree = "<group>"; };
		3C67D6C417B0C6A200DCB749 /* MapPinAnnotation.h */ = {isa = PBXFileReference; fileEncoding = 4; lastKnownFileType = sourcecode.c.h; path = MapPinAnnotation.h; sourceTree = "<group>"; };
		3C67D6C517B0C6A200DCB749 /* MapPinAnnotation.m */ = {isa = PBXFileReference; fileEncoding = 4; lastKnownFileType = sourcecode.c.objc; path = MapPinAnnotation.m; sourceTree = "<group>"; };
		3C67D6C717B0C78300DCB749 /* MapCalloutAnnotation.h */ = {isa = PBXFileReference; fileEncoding = 4; lastKnownFileType = sourcecode.c.h; path = MapCalloutAnnotation.h; sourceTree = "<group>"; };
		3C67D6C817B0C78300DCB749 /* MapCalloutAnnotation.m */ = {isa = PBXFileReference; fileEncoding = 4; lastKnownFileType = sourcecode.c.objc; path = MapCalloutAnnotation.m; sourceTree = "<group>"; };
		3C67D6D017B0DC1500DCB749 /* MapCalloutAnnotationView.h */ = {isa = PBXFileReference; fileEncoding = 4; lastKnownFileType = sourcecode.c.h; path = MapCalloutAnnotationView.h; sourceTree = "<group>"; };
		3C67D6D117B0DC1600DCB749 /* MapCalloutAnnotationView.m */ = {isa = PBXFileReference; fileEncoding = 4; lastKnownFileType = sourcecode.c.objc; path = MapCalloutAnnotationView.m; sourceTree = "<group>"; };
		3C67D6D417B1E7C700DCB749 /* HttpViewController.h */ = {isa = PBXFileReference; fileEncoding = 4; lastKnownFileType = sourcecode.c.h; path = HttpViewController.h; sourceTree = "<group>"; };
		3C67D6D517B1E7C700DCB749 /* HttpViewController.m */ = {isa = PBXFileReference; fileEncoding = 4; lastKnownFileType = sourcecode.c.objc; path = HttpViewController.m; sourceTree = "<group>"; };
		3CAC233B17B4C85C00FE6BD3 /* GameViewController.h */ = {isa = PBXFileReference; fileEncoding = 4; lastKnownFileType = sourcecode.c.h; path = GameViewController.h; sourceTree = "<group>"; };
		3CAC233C17B4C85C00FE6BD3 /* GameViewController.m */ = {isa = PBXFileReference; fileEncoding = 4; lastKnownFileType = sourcecode.c.objc; path = GameViewController.m; sourceTree = "<group>"; };
		3CAC233E17B4C88C00FE6BD3 /* African Daisy.gif */ = {isa = PBXFileReference; lastKnownFileType = image.gif; path = "African Daisy.gif"; sourceTree = "<group>"; };
		3CAC234017B4C8A200FE6BD3 /* IMG_0001.PNG */ = {isa = PBXFileReference; lastKnownFileType = image.png; path = IMG_0001.PNG; sourceTree = "<group>"; };
		3CAC234217B4C91900FE6BD3 /* MapStateAnnotationView.h */ = {isa = PBXFileReference; fileEncoding = 4; lastKnownFileType = sourcecode.c.h; path = MapStateAnnotationView.h; sourceTree = "<group>"; };
		3CAC234317B4C91900FE6BD3 /* MapStateAnnotationView.m */ = {isa = PBXFileReference; fileEncoding = 4; lastKnownFileType = sourcecode.c.objc; path = MapStateAnnotationView.m; sourceTree = "<group>"; };
		3CAC234417B4C91900FE6BD3 /* MapViewController.h */ = {isa = PBXFileReference; fileEncoding = 4; lastKnownFileType = sourcecode.c.h; path = MapViewController.h; sourceTree = "<group>"; };
		3CAC234517B4C91900FE6BD3 /* MapViewController.m */ = {isa = PBXFileReference; fileEncoding = 4; lastKnownFileType = sourcecode.c.objc; path = MapViewController.m; sourceTree = "<group>"; };
		3CAC234817B4C94800FE6BD3 /* hige.png */ = {isa = PBXFileReference; lastKnownFileType = image.png; path = hige.png; sourceTree = "<group>"; };
		3CAC234A17B4C95300FE6BD3 /* CameraViewController.h */ = {isa = PBXFileReference; fileEncoding = 4; lastKnownFileType = sourcecode.c.h; path = CameraViewController.h; sourceTree = "<group>"; };
		3CAC234B17B4C95300FE6BD3 /* CameraViewController.m */ = {isa = PBXFileReference; fileEncoding = 4; lastKnownFileType = sourcecode.c.objc; path = CameraViewController.m; sourceTree = "<group>"; };
		3CAC234D17B4C97F00FE6BD3 /* AppDelegate.h */ = {isa = PBXFileReference; fileEncoding = 4; lastKnownFileType = sourcecode.c.h; path = AppDelegate.h; sourceTree = "<group>"; };
		3CAC234E17B4C98000FE6BD3 /* AppDelegate.m */ = {isa = PBXFileReference; fileEncoding = 4; lastKnownFileType = sourcecode.c.objc; path = AppDelegate.m; sourceTree = "<group>"; };
		3CAC235017B4C9A800FE6BD3 /* ViewController.h */ = {isa = PBXFileReference; fileEncoding = 4; lastKnownFileType = sourcecode.c.h; path = ViewController.h; sourceTree = "<group>"; };
		3CAC235117B4C9AA00FE6BD3 /* ViewController.m */ = {isa = PBXFileReference; fileEncoding = 4; lastKnownFileType = sourcecode.c.objc; path = ViewController.m; sourceTree = "<group>"; };
		3CAC235317B4CA9E00FE6BD3 /* earth.jpg */ = {isa = PBXFileReference; lastKnownFileType = image.jpeg; path = earth.jpg; sourceTree = "<group>"; };
		3CAC235517B4CB6200FE6BD3 /* TableViewController.h */ = {isa = PBXFileReference; fileEncoding = 4; lastKnownFileType = sourcecode.c.h; path = TableViewController.h; sourceTree = "<group>"; };
		3CAC235617B4CB6200FE6BD3 /* TableViewController.m */ = {isa = PBXFileReference; fileEncoding = 4; lastKnownFileType = sourcecode.c.objc; path = TableViewController.m; sourceTree = "<group>"; };
/* End PBXFileReference section */

/* Begin PBXFrameworksBuildPhase section */
		3C67D5DF17ABC17C00DCB749 /* Frameworks */ = {
			isa = PBXFrameworksBuildPhase;
			buildActionMask = 2147483647;
			files = (
				3C1683DE17B38DF100111DED /* QuartzCore.framework in Frameworks */,
				3C1683DC17B37D1B00111DED /* OpenGLES.framework in Frameworks */,
				3C1683DA17B37D0E00111DED /* GLKit.framework in Frameworks */,
				3C16832617B2296100111DED /* Security.framework in Frameworks */,
				3C67D6BD17B081F000DCB749 /* MessageUI.framework in Frameworks */,
				3C67D64517ABC23700DCB749 /* MapKit.framework in Frameworks */,
				3C67D64317ABC23000DCB749 /* CoreLocation.framework in Frameworks */,
				3C67D64117ABC22700DCB749 /* CoreImage.framework in Frameworks */,
				3C67D5E617ABC17C00DCB749 /* UIKit.framework in Frameworks */,
				3C67D5E817ABC17C00DCB749 /* Foundation.framework in Frameworks */,
				3C67D5EA17ABC17C00DCB749 /* CoreGraphics.framework in Frameworks */,
			);
			runOnlyForDeploymentPostprocessing = 0;
		};
		3C67D60717ABC17C00DCB749 /* Frameworks */ = {
			isa = PBXFrameworksBuildPhase;
			buildActionMask = 2147483647;
			files = (
				3C67D60D17ABC17C00DCB749 /* SenTestingKit.framework in Frameworks */,
				3C67D60E17ABC17C00DCB749 /* UIKit.framework in Frameworks */,
				3C67D60F17ABC17C00DCB749 /* Foundation.framework in Frameworks */,
			);
			runOnlyForDeploymentPostprocessing = 0;
		};
/* End PBXFrameworksBuildPhase section */

/* Begin PBXGroup section */
		3C16832F17B352BD00111DED /* PDF */ = {
			isa = PBXGroup;
			children = (
				3C16833017B353FC00111DED /* PDFWebViewController.h */,
				3C16833117B353FC00111DED /* PDFWebViewController.m */,
			);
			name = PDF;
			sourceTree = "<group>";
		};
		3C1683D217B3796700111DED /* OpenGL */ = {
			isa = PBXGroup;
			children = (
				3C1683D317B3797F00111DED /* GLView.h */,
				3C1683D417B3797F00111DED /* GLView.m */,
				3C1683D617B379D500111DED /* GLViewController.h */,
				3C1683D717B379D500111DED /* GLViewController.m */,
			);
			name = OpenGL;
			sourceTree = "<group>";
		};
		3C67D5D917ABC17C00DCB749 = {
			isa = PBXGroup;
			children = (
				3C67D5EB17ABC17C00DCB749 /* SandBox */,
				3C67D61217ABC17C00DCB749 /* SandBoxTests */,
				3C67D5E417ABC17C00DCB749 /* Frameworks */,
				3C67D5E317ABC17C00DCB749 /* Products */,
			);
			sourceTree = "<group>";
		};
		3C67D5E317ABC17C00DCB749 /* Products */ = {
			isa = PBXGroup;
			children = (
				3C67D5E217ABC17C00DCB749 /* SandBox.app */,
				3C67D60B17ABC17C00DCB749 /* SandBoxTests.octest */,
			);
			name = Products;
			sourceTree = "<group>";
		};
		3C67D5E417ABC17C00DCB749 /* Frameworks */ = {
			isa = PBXGroup;
			children = (
				3C1683DD17B38DF100111DED /* QuartzCore.framework */,
				3C1683DB17B37D1B00111DED /* OpenGLES.framework */,
				3C1683D917B37D0E00111DED /* GLKit.framework */,
				3C16832517B2296100111DED /* Security.framework */,
				3C67D6BC17B081F000DCB749 /* MessageUI.framework */,
				3C67D64417ABC23700DCB749 /* MapKit.framework */,
				3C67D64217ABC22F00DCB749 /* CoreLocation.framework */,
				3C67D64017ABC22700DCB749 /* CoreImage.framework */,
				3C67D5E517ABC17C00DCB749 /* UIKit.framework */,
				3C67D5E717ABC17C00DCB749 /* Foundation.framework */,
				3C67D5E917ABC17C00DCB749 /* CoreGraphics.framework */,
				3C67D60C17ABC17C00DCB749 /* SenTestingKit.framework */,
			);
			name = Frameworks;
			sourceTree = "<group>";
		};
		3C67D5EB17ABC17C00DCB749 /* SandBox */ = {
			isa = PBXGroup;
			children = (
				3CAC235017B4C9A800FE6BD3 /* ViewController.h */,
				3CAC235117B4C9AA00FE6BD3 /* ViewController.m */,
				3CAC234D17B4C97F00FE6BD3 /* AppDelegate.h */,
				3CAC234E17B4C98000FE6BD3 /* AppDelegate.m */,
				3C1683D217B3796700111DED /* OpenGL */,
				3C16832F17B352BD00111DED /* PDF */,
				3C16832917B32C1800111DED /* Stats.h */,
				3C16832A17B32C1800111DED /* Stats.m */,
				3C67D6D317B1E53300DCB749 /* Network */,
				3C67D6BE17B08B8E00DCB749 /* Accelerometer */,
				3C67D6B517B0806F00DCB749 /* Game */,
				3C67D6B417B0804400DCB749 /* Resource */,
				3C67D6B317B0803C00DCB749 /* Mail */,
				3C67D6AF17AF81E300DCB749 /* Table */,
				3C67D69E17AF3AF100DCB749 /* Utility */,
				3C67D64717ABC36000DCB749 /* Map */,
				3C67D64617ABC34B00DCB749 /* Camera */,
				3C67D6A217AF658900DCB749 /* MainStoryboard_iPhone.storyboard */,
				3C67D60017ABC17C00DCB749 /* MainStoryboard_iPad.storyboard */,
				3C67D5EC17ABC17C00DCB749 /* Supporting Files */,
				3C67D6C217B0BB2200DCB749 /* Directions.geojson */,
				3C67D6C317B0BB6100DCB749 /* CommonMacro.h */,
			);
			path = SandBox;
			sourceTree = "<group>";
		};
		3C67D5EC17ABC17C00DCB749 /* Supporting Files */ = {
			isa = PBXGroup;
			children = (
				3C67D5ED17ABC17C00DCB749 /* SandBox-Info.plist */,
				3C67D5EE17ABC17C00DCB749 /* InfoPlist.strings */,
				3C67D5F117ABC17C00DCB749 /* main.m */,
				3C67D5F317ABC17C00DCB749 /* SandBox-Prefix.pch */,
				3C67D5F717ABC17C00DCB749 /* Default.png */,
				3C67D5F917ABC17C00DCB749 /* Default@2x.png */,
				3C67D5FB17ABC17C00DCB749 /* Default-568h@2x.png */,
			);
			name = "Supporting Files";
			sourceTree = "<group>";
		};
		3C67D61217ABC17C00DCB749 /* SandBoxTests */ = {
			isa = PBXGroup;
			children = (
				3C67D61817ABC17C00DCB749 /* SandBoxTests.h */,
				3C67D61917ABC17C00DCB749 /* SandBoxTests.m */,
				3C67D61317ABC17C00DCB749 /* Supporting Files */,
			);
			path = SandBoxTests;
			sourceTree = "<group>";
		};
		3C67D61317ABC17C00DCB749 /* Supporting Files */ = {
			isa = PBXGroup;
			children = (
				3C67D61417ABC17C00DCB749 /* SandBoxTests-Info.plist */,
				3C67D61517ABC17C00DCB749 /* InfoPlist.strings */,
			);
			name = "Supporting Files";
			sourceTree = "<group>";
		};
		3C67D64617ABC34B00DCB749 /* Camera */ = {
			isa = PBXGroup;
			children = (
				3CAC234A17B4C95300FE6BD3 /* CameraViewController.h */,
				3CAC234B17B4C95300FE6BD3 /* CameraViewController.m */,
			);
			name = Camera;
			sourceTree = "<group>";
		};
		3C67D64717ABC36000DCB749 /* Map */ = {
			isa = PBXGroup;
			children = (
				3CAC234217B4C91900FE6BD3 /* MapStateAnnotationView.h */,
				3CAC234317B4C91900FE6BD3 /* MapStateAnnotationView.m */,
				3CAC234417B4C91900FE6BD3 /* MapViewController.h */,
				3CAC234517B4C91900FE6BD3 /* MapViewController.m */,
				3C67D6C417B0C6A200DCB749 /* MapPinAnnotation.h */,
				3C67D6C517B0C6A200DCB749 /* MapPinAnnotation.m */,
				3C67D6C717B0C78300DCB749 /* MapCalloutAnnotation.h */,
				3C67D6C817B0C78300DCB749 /* MapCalloutAnnotation.m */,
				3C67D6D017B0DC1500DCB749 /* MapCalloutAnnotationView.h */,
				3C67D6D117B0DC1600DCB749 /* MapCalloutAnnotationView.m */,
			);
			name = Map;
			sourceTree = "<group>";
		};
		3C67D69E17AF3AF100DCB749 /* Utility */ = {
			isa = PBXGroup;
			children = (
				3C67D69B17AF382600DCB749 /* FlipsideViewController.h */,
				3C67D69C17AF382700DCB749 /* FlipsideViewController.m */,
				3C67D69F17AF3B2E00DCB749 /* UtilityMainViewController.h */,
				3C67D6A017AF3B2E00DCB749 /* UtilityMainViewController.m */,
			);
			name = Utility;
			sourceTree = "<group>";
		};
		3C67D6AF17AF81E300DCB749 /* Table */ = {
			isa = PBXGroup;
			children = (
				3CAC235517B4CB6200FE6BD3 /* TableViewController.h */,
				3CAC235617B4CB6200FE6BD3 /* TableViewController.m */,
				3C67D6B017AF93A100DCB749 /* MenuData.h */,
				3C67D6B117AF93A100DCB749 /* MenuData.m */,
			);
			name = Table;
			sourceTree = "<group>";
		};
		3C67D6B317B0803C00DCB749 /* Mail */ = {
			isa = PBXGroup;
			children = (
				3C67D6B917B081BF00DCB749 /* MailViewController.h */,
				3C67D6BA17B081BF00DCB749 /* MailViewController.m */,
			);
			name = Mail;
			sourceTree = "<group>";
		};
		3C67D6B417B0804400DCB749 /* Resource */ = {
			isa = PBXGroup;
			children = (
				3CAC235317B4CA9E00FE6BD3 /* earth.jpg */,
				3CAC234817B4C94800FE6BD3 /* hige.png */,
				3CAC234017B4C8A200FE6BD3 /* IMG_0001.PNG */,
				3CAC233E17B4C88C00FE6BD3 /* African Daisy.gif */,
				3C16832D17B352B000111DED /* ReleaseUpgradeGdWebAtWorkiOS111.pdf */,
				3C16832717B22A8500111DED /* client.p12 */,
			);
			name = Resource;
			sourceTree = "<group>";
		};
		3C67D6B517B0806F00DCB749 /* Game */ = {
			isa = PBXGroup;
			children = (
				3CAC233B17B4C85C00FE6BD3 /* GameViewController.h */,
				3CAC233C17B4C85C00FE6BD3 /* GameViewController.m */,
			);
			name = Game;
			sourceTree = "<group>";
		};
		3C67D6BE17B08B8E00DCB749 /* Accelerometer */ = {
			isa = PBXGroup;
			children = (
				3C67D6BF17B08BC000DCB749 /* AccelerometerViewController.h */,
				3C67D6C017B08BC000DCB749 /* AccelerometerViewController.m */,
			);
			name = Accelerometer;
			sourceTree = "<group>";
		};
		3C67D6D317B1E53300DCB749 /* Network */ = {
			isa = PBXGroup;
			children = (
				3C67D6D417B1E7C700DCB749 /* HttpViewController.h */,
				3C67D6D517B1E7C700DCB749 /* HttpViewController.m */,
			);
			name = Network;
			sourceTree = "<group>";
		};
/* End PBXGroup section */

/* Begin PBXNativeTarget section */
		3C67D5E117ABC17C00DCB749 /* SandBox */ = {
			isa = PBXNativeTarget;
			buildConfigurationList = 3C67D61D17ABC17C00DCB749 /* Build configuration list for PBXNativeTarget "SandBox" */;
			buildPhases = (
				3C67D5DE17ABC17C00DCB749 /* Sources */,
				3C67D5DF17ABC17C00DCB749 /* Frameworks */,
				3C67D5E017ABC17C00DCB749 /* Resources */,
			);
			buildRules = (
			);
			dependencies = (
			);
			name = SandBox;
			productName = SandBox;
			productReference = 3C67D5E217ABC17C00DCB749 /* SandBox.app */;
			productType = "com.apple.product-type.application";
		};
		3C67D60A17ABC17C00DCB749 /* SandBoxTests */ = {
			isa = PBXNativeTarget;
			buildConfigurationList = 3C67D62017ABC17C00DCB749 /* Build configuration list for PBXNativeTarget "SandBoxTests" */;
			buildPhases = (
				3C67D60617ABC17C00DCB749 /* Sources */,
				3C67D60717ABC17C00DCB749 /* Frameworks */,
				3C67D60817ABC17C00DCB749 /* Resources */,
				3C67D60917ABC17C00DCB749 /* ShellScript */,
			);
			buildRules = (
			);
			dependencies = (
				3C67D61117ABC17C00DCB749 /* PBXTargetDependency */,
			);
			name = SandBoxTests;
			productName = SandBoxTests;
			productReference = 3C67D60B17ABC17C00DCB749 /* SandBoxTests.octest */;
			productType = "com.apple.product-type.bundle";
		};
/* End PBXNativeTarget section */

/* Begin PBXProject section */
		3C67D5DA17ABC17C00DCB749 /* Project object */ = {
			isa = PBXProject;
			attributes = {
				LastUpgradeCheck = 0460;
			};
			buildConfigurationList = 3C67D5DD17ABC17C00DCB749 /* Build configuration list for PBXProject "SandBox" */;
			compatibilityVersion = "Xcode 3.2";
			developmentRegion = English;
			hasScannedForEncodings = 0;
			knownRegions = (
				en,
				ja,
			);
			mainGroup = 3C67D5D917ABC17C00DCB749;
			productRefGroup = 3C67D5E317ABC17C00DCB749 /* Products */;
			projectDirPath = "";
			projectRoot = "";
			targets = (
				3C67D5E117ABC17C00DCB749 /* SandBox */,
				3C67D60A17ABC17C00DCB749 /* SandBoxTests */,
			);
		};
/* End PBXProject section */

/* Begin PBXResourcesBuildPhase section */
		3C67D5E017ABC17C00DCB749 /* Resources */ = {
			isa = PBXResourcesBuildPhase;
			buildActionMask = 2147483647;
			files = (
				3C67D5F017ABC17C00DCB749 /* InfoPlist.strings in Resources */,
				3C67D5F817ABC17C00DCB749 /* Default.png in Resources */,
				3C67D5FA17ABC17C00DCB749 /* Default@2x.png in Resources */,
				3C67D5FC17ABC17C00DCB749 /* Default-568h@2x.png in Resources */,
				3C67D60217ABC17C00DCB749 /* MainStoryboard_iPad.storyboard in Resources */,
				3C67D6A417AF658A00DCB749 /* MainStoryboard_iPhone.storyboard in Resources */,
				3C16832817B22A8500111DED /* client.p12 in Resources */,
				3C16832E17B352B000111DED /* ReleaseUpgradeGdWebAtWorkiOS111.pdf in Resources */,
				3CAC233F17B4C88C00FE6BD3 /* African Daisy.gif in Resources */,
				3CAC234117B4C8A200FE6BD3 /* IMG_0001.PNG in Resources */,
				3CAC234917B4C94800FE6BD3 /* hige.png in Resources */,
				3CAC235417B4CA9E00FE6BD3 /* earth.jpg in Resources */,
			);
			runOnlyForDeploymentPostprocessing = 0;
		};
		3C67D60817ABC17C00DCB749 /* Resources */ = {
			isa = PBXResourcesBuildPhase;
			buildActionMask = 2147483647;
			files = (
				3C67D61717ABC17C00DCB749 /* InfoPlist.strings in Resources */,
			);
			runOnlyForDeploymentPostprocessing = 0;
		};
/* End PBXResourcesBuildPhase section */

/* Begin PBXShellScriptBuildPhase section */
		3C67D60917ABC17C00DCB749 /* ShellScript */ = {
			isa = PBXShellScriptBuildPhase;
			buildActionMask = 2147483647;
			files = (
			);
			inputPaths = (
			);
			outputPaths = (
			);
			runOnlyForDeploymentPostprocessing = 0;
			shellPath = /bin/sh;
			shellScript = "# Run the unit tests in this test bundle.\n\"${SYSTEM_DEVELOPER_DIR}/Tools/RunUnitTests\"\n";
		};
/* End PBXShellScriptBuildPhase section */

/* Begin PBXSourcesBuildPhase section */
		3C67D5DE17ABC17C00DCB749 /* Sources */ = {
			isa = PBXSourcesBuildPhase;
			buildActionMask = 2147483647;
			files = (
				3C67D5F217ABC17C00DCB749 /* main.m in Sources */,
				3C67D69D17AF382700DCB749 /* FlipsideViewController.m in Sources */,
				3C67D6A117AF3B2E00DCB749 /* UtilityMainViewController.m in Sources */,
				3C67D6B217AF93A100DCB749 /* MenuData.m in Sources */,
				3C67D6BB17B081BF00DCB749 /* MailViewController.m in Sources */,
				3C67D6C117B08BC000DCB749 /* AccelerometerViewController.m in Sources */,
				3C67D6C617B0C6A300DCB749 /* MapPinAnnotation.m in Sources */,
				3C67D6C917B0C78400DCB749 /* MapCalloutAnnotation.m in Sources */,
				3C67D6D217B0DC1700DCB749 /* MapCalloutAnnotationView.m in Sources */,
				3C67D6D617B1E7C700DCB749 /* HttpViewController.m in Sources */,
				3C16832C17B32F0C00111DED /* Stats.m in Sources */,
				3C16833217B353FC00111DED /* PDFWebViewController.m in Sources */,
				3C1683D517B3797F00111DED /* GLView.m in Sources */,
				3C1683D817B379D500111DED /* GLViewController.m in Sources */,
				3CAC233D17B4C85C00FE6BD3 /* GameViewController.m in Sources */,
				3CAC234617B4C91900FE6BD3 /* MapStateAnnotationView.m in Sources */,
				3CAC234717B4C91900FE6BD3 /* MapViewController.m in Sources */,
				3CAC234C17B4C95300FE6BD3 /* CameraViewController.m in Sources */,
				3CAC234F17B4C98100FE6BD3 /* AppDelegate.m in Sources */,
				3CAC235217B4C9B100FE6BD3 /* ViewController.m in Sources */,
				3CAC235717B4CB6200FE6BD3 /* TableViewController.m in Sources */,
			);
			runOnlyForDeploymentPostprocessing = 0;
		};
		3C67D60617ABC17C00DCB749 /* Sources */ = {
			isa = PBXSourcesBuildPhase;
			buildActionMask = 2147483647;
			files = (
				3C67D61A17ABC17C00DCB749 /* SandBoxTests.m in Sources */,
			);
			runOnlyForDeploymentPostprocessing = 0;
		};
/* End PBXSourcesBuildPhase section */

/* Begin PBXTargetDependency section */
		3C67D61117ABC17C00DCB749 /* PBXTargetDependency */ = {
			isa = PBXTargetDependency;
			target = 3C67D5E117ABC17C00DCB749 /* SandBox */;
			targetProxy = 3C67D61017ABC17C00DCB749 /* PBXContainerItemProxy */;
		};
/* End PBXTargetDependency section */

/* Begin PBXVariantGroup section */
		3C67D5EE17ABC17C00DCB749 /* InfoPlist.strings */ = {
			isa = PBXVariantGroup;
			children = (
				3C67D6A717AF65FC00DCB749 /* ja */,
			);
			name = InfoPlist.strings;
			sourceTree = "<group>";
		};
		3C67D60017ABC17C00DCB749 /* MainStoryboard_iPad.storyboard */ = {
			isa = PBXVariantGroup;
			children = (
				3C67D6A617AF65FC00DCB749 /* ja */,
			);
			name = MainStoryboard_iPad.storyboard;
			sourceTree = "<group>";
		};
		3C67D61517ABC17C00DCB749 /* InfoPlist.strings */ = {
			isa = PBXVariantGroup;
			children = (
				3C67D6A817AF65FC00DCB749 /* ja */,
			);
			name = InfoPlist.strings;
			sourceTree = "<group>";
		};
		3C67D6A217AF658900DCB749 /* MainStoryboard_iPhone.storyboard */ = {
			isa = PBXVariantGroup;
			children = (
				3C67D6A517AF65FC00DCB749 /* ja */,
			);
			name = MainStoryboard_iPhone.storyboard;
			sourceTree = "<group>";
		};
/* End PBXVariantGroup section */

/* Begin XCBuildConfiguration section */
		3C67D61B17ABC17C00DCB749 /* Debug */ = {
			isa = XCBuildConfiguration;
			buildSettings = {
				ALWAYS_SEARCH_USER_PATHS = NO;
				CLANG_CXX_LANGUAGE_STANDARD = "gnu++0x";
				CLANG_CXX_LIBRARY = "libc++";
				CLANG_ENABLE_OBJC_ARC = YES;
				CLANG_WARN_CONSTANT_CONVERSION = YES;
				CLANG_WARN_EMPTY_BODY = YES;
				CLANG_WARN_ENUM_CONVERSION = YES;
				CLANG_WARN_INT_CONVERSION = YES;
				CLANG_WARN__DUPLICATE_METHOD_MATCH = YES;
				"CODE_SIGN_IDENTITY[sdk=iphoneos*]" = "iPhone Developer";
				COPY_PHASE_STRIP = NO;
				GCC_C_LANGUAGE_STANDARD = gnu99;
				GCC_DYNAMIC_NO_PIC = NO;
				GCC_OPTIMIZATION_LEVEL = 0;
				GCC_PREPROCESSOR_DEFINITIONS = (
					"DEBUG=1",
					"$(inherited)",
				);
				GCC_SYMBOLS_PRIVATE_EXTERN = NO;
				GCC_WARN_ABOUT_RETURN_TYPE = YES;
				GCC_WARN_UNINITIALIZED_AUTOS = YES;
				GCC_WARN_UNUSED_VARIABLE = YES;
				IPHONEOS_DEPLOYMENT_TARGET = 5.1;
				ONLY_ACTIVE_ARCH = YES;
				SDKROOT = iphoneos;
				TARGETED_DEVICE_FAMILY = "1,2";
			};
			name = Debug;
		};
		3C67D61C17ABC17C00DCB749 /* Release */ = {
			isa = XCBuildConfiguration;
			buildSettings = {
				ALWAYS_SEARCH_USER_PATHS = NO;
				CLANG_CXX_LANGUAGE_STANDARD = "gnu++0x";
				CLANG_CXX_LIBRARY = "libc++";
				CLANG_ENABLE_OBJC_ARC = YES;
				CLANG_WARN_CONSTANT_CONVERSION = YES;
				CLANG_WARN_EMPTY_BODY = YES;
				CLANG_WARN_ENUM_CONVERSION = YES;
				CLANG_WARN_INT_CONVERSION = YES;
				CLANG_WARN__DUPLICATE_METHOD_MATCH = YES;
				"CODE_SIGN_IDENTITY[sdk=iphoneos*]" = "iPhone Developer";
				COPY_PHASE_STRIP = YES;
				GCC_C_LANGUAGE_STANDARD = gnu99;
				GCC_WARN_ABOUT_RETURN_TYPE = YES;
				GCC_WARN_UNINITIALIZED_AUTOS = YES;
				GCC_WARN_UNUSED_VARIABLE = YES;
				IPHONEOS_DEPLOYMENT_TARGET = 5.1;
				OTHER_CFLAGS = "-DNS_BLOCK_ASSERTIONS=1";
				SDKROOT = iphoneos;
				TARGETED_DEVICE_FAMILY = "1,2";
				VALIDATE_PRODUCT = YES;
			};
			name = Release;
		};
		3C67D61E17ABC17C00DCB749 /* Debug */ = {
			isa = XCBuildConfiguration;
			buildSettings = {
				GCC_PRECOMPILE_PREFIX_HEADER = YES;
				GCC_PREFIX_HEADER = "SandBox/SandBox-Prefix.pch";
				INFOPLIST_FILE = "SandBox/SandBox-Info.plist";
				PRODUCT_NAME = "$(TARGET_NAME)";
				WRAPPER_EXTENSION = app;
			};
			name = Debug;
		};
		3C67D61F17ABC17C00DCB749 /* Release */ = {
			isa = XCBuildConfiguration;
			buildSettings = {
				GCC_PRECOMPILE_PREFIX_HEADER = YES;
				GCC_PREFIX_HEADER = "SandBox/SandBox-Prefix.pch";
				INFOPLIST_FILE = "SandBox/SandBox-Info.plist";
				PRODUCT_NAME = "$(TARGET_NAME)";
				WRAPPER_EXTENSION = app;
			};
			name = Release;
		};
		3C67D62117ABC17C00DCB749 /* Debug */ = {
			isa = XCBuildConfiguration;
			buildSettings = {
				BUNDLE_LOADER = "$(BUILT_PRODUCTS_DIR)/SandBox.app/SandBox";
				FRAMEWORK_SEARCH_PATHS = (
					"\"$(SDKROOT)/Developer/Library/Frameworks\"",
					"\"$(DEVELOPER_LIBRARY_DIR)/Frameworks\"",
				);
				GCC_PRECOMPILE_PREFIX_HEADER = YES;
				GCC_PREFIX_HEADER = "SandBox/SandBox-Prefix.pch";
				INFOPLIST_FILE = "SandBoxTests/SandBoxTests-Info.plist";
				PRODUCT_NAME = "$(TARGET_NAME)";
				TEST_HOST = "$(BUNDLE_LOADER)";
				WRAPPER_EXTENSION = octest;
			};
			name = Debug;
		};
		3C67D62217ABC17C00DCB749 /* Release */ = {
			isa = XCBuildConfiguration;
			buildSettings = {
				BUNDLE_LOADER = "$(BUILT_PRODUCTS_DIR)/SandBox.app/SandBox";
				FRAMEWORK_SEARCH_PATHS = (
					"\"$(SDKROOT)/Developer/Library/Frameworks\"",
					"\"$(DEVELOPER_LIBRARY_DIR)/Frameworks\"",
				);
				GCC_PRECOMPILE_PREFIX_HEADER = YES;
				GCC_PREFIX_HEADER = "SandBox/SandBox-Prefix.pch";
				INFOPLIST_FILE = "SandBoxTests/SandBoxTests-Info.plist";
				PRODUCT_NAME = "$(TARGET_NAME)";
				TEST_HOST = "$(BUNDLE_LOADER)";
				WRAPPER_EXTENSION = octest;
			};
			name = Release;
		};
/* End XCBuildConfiguration section */

/* Begin XCConfigurationList section */
		3C67D5DD17ABC17C00DCB749 /* Build configuration list for PBXProject "SandBox" */ = {
			isa = XCConfigurationList;
			buildConfigurations = (
				3C67D61B17ABC17C00DCB749 /* Debug */,
				3C67D61C17ABC17C00DCB749 /* Release */,
			);
			defaultConfigurationIsVisible = 0;
			defaultConfigurationName = Release;
		};
		3C67D61D17ABC17C00DCB749 /* Build configuration list for PBXNativeTarget "SandBox" */ = {
			isa = XCConfigurationList;
			buildConfigurations = (
				3C67D61E17ABC17C00DCB749 /* Debug */,
				3C67D61F17ABC17C00DCB749 /* Release */,
			);
			defaultConfigurationIsVisible = 0;
			defaultConfigurationName = Release;
		};
		3C67D62017ABC17C00DCB749 /* Build configuration list for PBXNativeTarget "SandBoxTests" */ = {
			isa = XCConfigurationList;
			buildConfigurations = (
				3C67D62117ABC17C00DCB749 /* Debug */,
				3C67D62217ABC17C00DCB749 /* Release */,
			);
			defaultConfigurationIsVisible = 0;
			defaultConfigurationName = Release;
		};
/* End XCConfigurationList section */
	};
	rootObject = 3C67D5DA17ABC17C00DCB749 /* Project object */;
}
